
Microsoft Visual Studio Solution File, Format Version 12.00
# Visual Studio Version 16
VisualStudioVersion = 16.0.33328.57
MinimumVisualStudioVersion = 10.0.40219.1
Project("{FAE04EC0-301F-11D3-BF4B-00C04F79EFBC}") = "CRUD-Assignment", "CRUD-Assignment.csproj", "{68E90B3B-F95E-417B-B4C1-6A321071D06F}"
EndProject
Global
	GlobalSection(SolutionConfigurationPlatforms) = preSolution
		Debug|Any CPU = Debug|Any CPU
		Release|Any CPU = Release|Any CPU
	EndGlobalSection
	GlobalSection(ProjectConfigurationPlatforms) = postSolution
		{68E90B3B-F95E-417B-B4C1-6A321071D06F}.Debug|Any CPU.ActiveCfg = Debug|Any CPU
		{68E90B3B-F95E-417B-B4C1-6A321071D06F}.Debug|Any CPU.Build.0 = Debug|Any CPU
		{68E90B3B-F95E-417B-B4C1-6A321071D06F}.Release|Any CPU.ActiveCfg = Release|Any CPU
		{68E90B3B-F95E-417B-B4C1-6A321071D06F}.Release|Any CPU.Build.0 = Release|Any CPU
	EndGlobalSection
	GlobalSection(SolutionProperties) = preSolution
		HideSolutionNode = FALSE
	EndGlobalSection
	GlobalSection(ExtensibilityGlobals) = postSolution
		SolutionGuid = {C712E40D-1D1E-4E74-958C-78FD180CBDD5}
	EndGlobalSection
EndGlobal
